<?xml version="1.0" encoding="UTF-8" standalone="yes" ?>
<CodeBlocks_project_file>
	<FileVersion major="1" minor="6" />
	<Project>
		<Option title="snakeProjectCpp" />
		<Option pch_mode="2" />
		<Option compiler="gcc" />
		<Build>
			<Target title="Debug">
				<Option output="bin/Debug/snakeProjectCpp" prefix_auto="1" extension_auto="1" />
				<Option object_output="obj/Debug/" />
				<Option type="1" />
				<Option compiler="gcc" />
				<Compiler>
					<Add option="-g" />
					<Add directory="include" />
				</Compiler>
			</Target>
			<Target title="Release">
				<Option output="bin/Release/snakeProjectCpp" prefix_auto="1" extension_auto="1" />
				<Option object_output="obj/Release/" />
				<Option type="0" />
				<Option compiler="gcc" />
				<Compiler>
					<Add option="-O2" />
					<Add directory="include" />
				</Compiler>
				<Linker>
					<Add option="-s" />
				</Linker>
			</Target>
		</Build>
		<Compiler>
			<Add option="-Wall" />
			<Add directory="C:/Extension/SDL2-MinGW_32_64bit/SDL2-devel-2.0.9-mingw/SDL2-2.0.9/i686-w64-mingw32/include" />
			<Add directory="J:/Git/Software/Cpp/snakeProjectCpp/include" />
			<Add directory="J:/Git/Software/Cpp/snakeProjectCpp/src/snakeProjectCpp/include" />
		</Compiler>
		<Linker>
			<Add option="-lmingw32 -lSDL2main -lSDL2" />
			<Add library="mingw32" />
			<Add library="SDL2main" />
			<Add library="SDL2.dll" />
			<Add library="user32" />
			<Add library="gdi32" />
			<Add library="winmm" />
			<Add library="dxguid" />
			<Add directory="C:/Extension/SDL2-MinGW_32_64bit/SDL2-devel-2.0.9-mingw/SDL2-2.0.9/i686-w64-mingw32/lib" />
			<Add directory="J:/Git/Software/Cpp/snakeProjectCpp/lib" />
		</Linker>
		<ExtraCommands>
			<Add after="XCOPY $(#sdl2)\bin\*.dll $(TARGET_OUTPUT_DIR) /D /Y" />
		</ExtraCommands>
		<Unit filename="include/InitError.h" />
		<Unit filename="include/SDLC.h" />
		<Unit filename="include/constant.h" />
		<Unit filename="include/cube.h" />
		<Unit filename="include/resPath.h" />
		<Unit filename="include/snake.h" />
		<Unit filename="main.cpp" />
		<Unit filename="src/InitError.cpp" />
		<Unit filename="src/SDLC.cpp" />
		<Unit filename="src/cube.cpp" />
		<Unit filename="src/resPath.cpp" />
		<Unit filename="src/snake.cpp" />
		<Extensions>
			<code_completion />
			<envvars />
			<debugger />
			<lib_finder disable_auto="1" />
		</Extensions>
	</Project>
</CodeBlocks_project_file>
